
Microsoft Visual Studio Solution File, Format Version 12.00
# Visual Studio Version 16
VisualStudioVersion = 16.0.29009.5
MinimumVisualStudioVersion = 10.0.40219.1
Project("{FAE04EC0-301F-11D3-BF4B-00C04F79EFBC}") = "SpaceX", "SpaceX.csproj", "{FDA57340-1078-43C4-A619-DCE31124B810}"
EndProject
Global
	GlobalSection(SolutionConfigurationPlatforms) = preSolution
		Debug|Any CPU = Debug|Any CPU
		Release|Any CPU = Release|Any CPU
	EndGlobalSection
	GlobalSection(ProjectConfigurationPlatforms) = postSolution
		{FDA57340-1078-43C4-A619-DCE31124B810}.Debug|Any CPU.ActiveCfg = Debug|Any CPU
		{FDA57340-1078-43C4-A619-DCE31124B810}.Debug|Any CPU.Build.0 = Debug|Any CPU
		{FDA57340-1078-43C4-A619-DCE31124B810}.Release|Any CPU.ActiveCfg = Release|Any CPU
		{FDA57340-1078-43C4-A619-DCE31124B810}.Release|Any CPU.Build.0 = Release|Any CPU
	EndGlobalSection
	GlobalSection(SolutionProperties) = preSolution
		HideSolutionNode = FALSE
	EndGlobalSection
	GlobalSection(ExtensibilityGlobals) = postSolution
		SolutionGuid = {984D2A02-C419-48ED-86AD-D82741C5304A}
	EndGlobalSection
EndGlobal
